
Microsoft Visual Studio Solution File, Format Version 12.00
# Visual Studio Version 17
VisualStudioVersion = 17.14.36109.1 d17.14
MinimumVisualStudioVersion = 10.0.40219.1
Project("{FAE04EC0-301F-11D3-BF4B-00C04F79EFBC}") = "QuadraticFormula", "QuadraticFormula\QuadraticFormula.csproj", "{FEAE58B5-2775-43B4-8E2B-043EDA0D8281}"
EndProject
Global
	GlobalSection(SolutionConfigurationPlatforms) = preSolution
		Debug|Any CPU = Debug|Any CPU
		Release|Any CPU = Release|Any CPU
	EndGlobalSection
	GlobalSection(ProjectConfigurationPlatforms) = postSolution
		{FEAE58B5-2775-43B4-8E2B-043EDA0D8281}.Debug|Any CPU.ActiveCfg = Debug|Any CPU
		{FEAE58B5-2775-43B4-8E2B-043EDA0D8281}.Debug|Any CPU.Build.0 = Debug|Any CPU
		{FEAE58B5-2775-43B4-8E2B-043EDA0D8281}.Release|Any CPU.ActiveCfg = Release|Any CPU
		{FEAE58B5-2775-43B4-8E2B-043EDA0D8281}.Release|Any CPU.Build.0 = Release|Any CPU
	EndGlobalSection
	GlobalSection(SolutionProperties) = preSolution
		HideSolutionNode = FALSE
	EndGlobalSection
	GlobalSection(ExtensibilityGlobals) = postSolution
		SolutionGuid = {F16464D1-75E3-45EE-B16A-8700D44F99A6}
	EndGlobalSection
EndGlobal
