
Microsoft Visual Studio Solution File, Format Version 12.00
# Visual Studio Version 17
VisualStudioVersion = 17.14.36109.1 d17.14
MinimumVisualStudioVersion = 10.0.40219.1
Project("{FAE04EC0-301F-11D3-BF4B-00C04F79EFBC}") = "PrefijoTelefono", "PrefijoTelefono\PrefijoTelefono.csproj", "{4013F52A-DEFE-4C0B-B2BD-CC74CA9294A9}"
EndProject
Global
	GlobalSection(SolutionConfigurationPlatforms) = preSolution
		Debug|Any CPU = Debug|Any CPU
		Release|Any CPU = Release|Any CPU
	EndGlobalSection
	GlobalSection(ProjectConfigurationPlatforms) = postSolution
		{4013F52A-DEFE-4C0B-B2BD-CC74CA9294A9}.Debug|Any CPU.ActiveCfg = Debug|Any CPU
		{4013F52A-DEFE-4C0B-B2BD-CC74CA9294A9}.Debug|Any CPU.Build.0 = Debug|Any CPU
		{4013F52A-DEFE-4C0B-B2BD-CC74CA9294A9}.Release|Any CPU.ActiveCfg = Release|Any CPU
		{4013F52A-DEFE-4C0B-B2BD-CC74CA9294A9}.Release|Any CPU.Build.0 = Release|Any CPU
	EndGlobalSection
	GlobalSection(SolutionProperties) = preSolution
		HideSolutionNode = FALSE
	EndGlobalSection
	GlobalSection(ExtensibilityGlobals) = postSolution
		SolutionGuid = {0E453F75-F30A-4C8C-B290-34359351DF5E}
	EndGlobalSection
EndGlobal
