
Microsoft Visual Studio Solution File, Format Version 12.00
# Visual Studio Version 17
VisualStudioVersion = 17.0.31903.59
MinimumVisualStudioVersion = 10.0.40219.1
Project("{FAE04EC0-301F-11D3-BF4B-00C04F79EFBC}") = "BillingSystem.DAL", "BillingSystem.DAL\BillingSystem.DAL.csproj", "{781CB628-2065-479E-86AB-507DC3C710A0}"
EndProject
Project("{FAE04EC0-301F-11D3-BF4B-00C04F79EFBC}") = "BillingSystem.Core", "BillingSystem.Core\BillingSystem.Core.csproj", "{F3A79ACD-AE77-4A60-B813-0F75D690CE8D}"
EndProject
Project("{FAE04EC0-301F-11D3-BF4B-00C04F79EFBC}") = "BillingSystem.API", "BillingSystem.API\BillingSystem.API.csproj", "{FAEDDEAE-ECCB-441B-8255-0416F325A7F9}"
EndProject
Project("{FAE04EC0-301F-11D3-BF4B-00C04F79EFBC}") = "BillingSystem.Domain", "BillingSystem.Domain\BillingSystem.Domain.csproj", "{E75CDF49-4E32-449E-B432-37E155C37B54}"
EndProject
Project("{2150E333-8FDC-42A3-9474-1A3956D46DE8}") = "billingSystem.Web", "billingSystem.Web", "{D2C68DE1-8E2C-4EFD-ED4B-13155758D69C}"
EndProject
Project("{FAE04EC0-301F-11D3-BF4B-00C04F79EFBC}") = "BillingSystem.Web", "billingSystem.Web\BillingSystem.Web.csproj", "{35F3C875-5D37-4DBD-BA23-0CCF69D1991A}"
EndProject
Global
	GlobalSection(SolutionConfigurationPlatforms) = preSolution
		Debug|Any CPU = Debug|Any CPU
		Debug|x64 = Debug|x64
		Debug|x86 = Debug|x86
		Release|Any CPU = Release|Any CPU
		Release|x64 = Release|x64
		Release|x86 = Release|x86
	EndGlobalSection
	GlobalSection(ProjectConfigurationPlatforms) = postSolution
		{781CB628-2065-479E-86AB-507DC3C710A0}.Debug|Any CPU.ActiveCfg = Debug|Any CPU
		{781CB628-2065-479E-86AB-507DC3C710A0}.Debug|Any CPU.Build.0 = Debug|Any CPU
		{781CB628-2065-479E-86AB-507DC3C710A0}.Debug|x64.ActiveCfg = Debug|Any CPU
		{781CB628-2065-479E-86AB-507DC3C710A0}.Debug|x64.Build.0 = Debug|Any CPU
		{781CB628-2065-479E-86AB-507DC3C710A0}.Debug|x86.ActiveCfg = Debug|Any CPU
		{781CB628-2065-479E-86AB-507DC3C710A0}.Debug|x86.Build.0 = Debug|Any CPU
		{781CB628-2065-479E-86AB-507DC3C710A0}.Release|Any CPU.ActiveCfg = Release|Any CPU
		{781CB628-2065-479E-86AB-507DC3C710A0}.Release|Any CPU.Build.0 = Release|Any CPU
		{781CB628-2065-479E-86AB-507DC3C710A0}.Release|x64.ActiveCfg = Release|Any CPU
		{781CB628-2065-479E-86AB-507DC3C710A0}.Release|x64.Build.0 = Release|Any CPU
		{781CB628-2065-479E-86AB-507DC3C710A0}.Release|x86.ActiveCfg = Release|Any CPU
		{781CB628-2065-479E-86AB-507DC3C710A0}.Release|x86.Build.0 = Release|Any CPU
		{F3A79ACD-AE77-4A60-B813-0F75D690CE8D}.Debug|Any CPU.ActiveCfg = Debug|Any CPU
		{F3A79ACD-AE77-4A60-B813-0F75D690CE8D}.Debug|Any CPU.Build.0 = Debug|Any CPU
		{F3A79ACD-AE77-4A60-B813-0F75D690CE8D}.Debug|x64.ActiveCfg = Debug|Any CPU
		{F3A79ACD-AE77-4A60-B813-0F75D690CE8D}.Debug|x64.Build.0 = Debug|Any CPU
		{F3A79ACD-AE77-4A60-B813-0F75D690CE8D}.Debug|x86.ActiveCfg = Debug|Any CPU
		{F3A79ACD-AE77-4A60-B813-0F75D690CE8D}.Debug|x86.Build.0 = Debug|Any CPU
		{F3A79ACD-AE77-4A60-B813-0F75D690CE8D}.Release|Any CPU.ActiveCfg = Release|Any CPU
		{F3A79ACD-AE77-4A60-B813-0F75D690CE8D}.Release|Any CPU.Build.0 = Release|Any CPU
		{F3A79ACD-AE77-4A60-B813-0F75D690CE8D}.Release|x64.ActiveCfg = Release|Any CPU
		{F3A79ACD-AE77-4A60-B813-0F75D690CE8D}.Release|x64.Build.0 = Release|Any CPU
		{F3A79ACD-AE77-4A60-B813-0F75D690CE8D}.Release|x86.ActiveCfg = Release|Any CPU
		{F3A79ACD-AE77-4A60-B813-0F75D690CE8D}.Release|x86.Build.0 = Release|Any CPU
		{FAEDDEAE-ECCB-441B-8255-0416F325A7F9}.Debug|Any CPU.ActiveCfg = Debug|Any CPU
		{FAEDDEAE-ECCB-441B-8255-0416F325A7F9}.Debug|Any CPU.Build.0 = Debug|Any CPU
		{FAEDDEAE-ECCB-441B-8255-0416F325A7F9}.Debug|x64.ActiveCfg = Debug|Any CPU
		{FAEDDEAE-ECCB-441B-8255-0416F325A7F9}.Debug|x64.Build.0 = Debug|Any CPU
		{FAEDDEAE-ECCB-441B-8255-0416F325A7F9}.Debug|x86.ActiveCfg = Debug|Any CPU
		{FAEDDEAE-ECCB-441B-8255-0416F325A7F9}.Debug|x86.Build.0 = Debug|Any CPU
		{FAEDDEAE-ECCB-441B-8255-0416F325A7F9}.Release|Any CPU.ActiveCfg = Release|Any CPU
		{FAEDDEAE-ECCB-441B-8255-0416F325A7F9}.Release|Any CPU.Build.0 = Release|Any CPU
		{FAEDDEAE-ECCB-441B-8255-0416F325A7F9}.Release|x64.ActiveCfg = Release|Any CPU
		{FAEDDEAE-ECCB-441B-8255-0416F325A7F9}.Release|x64.Build.0 = Release|Any CPU
		{FAEDDEAE-ECCB-441B-8255-0416F325A7F9}.Release|x86.ActiveCfg = Release|Any CPU
		{FAEDDEAE-ECCB-441B-8255-0416F325A7F9}.Release|x86.Build.0 = Release|Any CPU
		{E75CDF49-4E32-449E-B432-37E155C37B54}.Debug|Any CPU.ActiveCfg = Debug|Any CPU
		{E75CDF49-4E32-449E-B432-37E155C37B54}.Debug|Any CPU.Build.0 = Debug|Any CPU
		{E75CDF49-4E32-449E-B432-37E155C37B54}.Debug|x64.ActiveCfg = Debug|Any CPU
		{E75CDF49-4E32-449E-B432-37E155C37B54}.Debug|x64.Build.0 = Debug|Any CPU
		{E75CDF49-4E32-449E-B432-37E155C37B54}.Debug|x86.ActiveCfg = Debug|Any CPU
		{E75CDF49-4E32-449E-B432-37E155C37B54}.Debug|x86.Build.0 = Debug|Any CPU
		{E75CDF49-4E32-449E-B432-37E155C37B54}.Release|Any CPU.ActiveCfg = Release|Any CPU
		{E75CDF49-4E32-449E-B432-37E155C37B54}.Release|Any CPU.Build.0 = Release|Any CPU
		{E75CDF49-4E32-449E-B432-37E155C37B54}.Release|x64.ActiveCfg = Release|Any CPU
		{E75CDF49-4E32-449E-B432-37E155C37B54}.Release|x64.Build.0 = Release|Any CPU
		{E75CDF49-4E32-449E-B432-37E155C37B54}.Release|x86.ActiveCfg = Release|Any CPU
		{E75CDF49-4E32-449E-B432-37E155C37B54}.Release|x86.Build.0 = Release|Any CPU
		{35F3C875-5D37-4DBD-BA23-0CCF69D1991A}.Debug|Any CPU.ActiveCfg = Debug|Any CPU
		{35F3C875-5D37-4DBD-BA23-0CCF69D1991A}.Debug|Any CPU.Build.0 = Debug|Any CPU
		{35F3C875-5D37-4DBD-BA23-0CCF69D1991A}.Debug|x64.ActiveCfg = Debug|Any CPU
		{35F3C875-5D37-4DBD-BA23-0CCF69D1991A}.Debug|x64.Build.0 = Debug|Any CPU
		{35F3C875-5D37-4DBD-BA23-0CCF69D1991A}.Debug|x86.ActiveCfg = Debug|Any CPU
		{35F3C875-5D37-4DBD-BA23-0CCF69D1991A}.Debug|x86.Build.0 = Debug|Any CPU
		{35F3C875-5D37-4DBD-BA23-0CCF69D1991A}.Release|Any CPU.ActiveCfg = Release|Any CPU
		{35F3C875-5D37-4DBD-BA23-0CCF69D1991A}.Release|Any CPU.Build.0 = Release|Any CPU
		{35F3C875-5D37-4DBD-BA23-0CCF69D1991A}.Release|x64.ActiveCfg = Release|Any CPU
		{35F3C875-5D37-4DBD-BA23-0CCF69D1991A}.Release|x64.Build.0 = Release|Any CPU
		{35F3C875-5D37-4DBD-BA23-0CCF69D1991A}.Release|x86.ActiveCfg = Release|Any CPU
		{35F3C875-5D37-4DBD-BA23-0CCF69D1991A}.Release|x86.Build.0 = Release|Any CPU
	EndGlobalSection
	GlobalSection(SolutionProperties) = preSolution
		HideSolutionNode = FALSE
	EndGlobalSection
	GlobalSection(NestedProjects) = preSolution
		{35F3C875-5D37-4DBD-BA23-0CCF69D1991A} = {D2C68DE1-8E2C-4EFD-ED4B-13155758D69C}
	EndGlobalSection
EndGlobal
